
Microsoft Visual Studio Solution File, Format Version 11.00
# Visual Studio 2010
Project("{FAE04EC0-301F-11D3-BF4B-00C04F79EFBC}") = "ReplayParser", "ReplayParser\ReplayParser.csproj", "{219FB311-434C-436A-BD59-C3888DEB0F8E}"
EndProject
Global
	GlobalSection(SolutionConfigurationPlatforms) = preSolution
		Debug|x86 = Debug|x86
		Release|x86 = Release|x86
	EndGlobalSection
	GlobalSection(ProjectConfigurationPlatforms) = postSolution
		{219FB311-434C-436A-BD59-C3888DEB0F8E}.Debug|x86.ActiveCfg = Debug|x86
		{219FB311-434C-436A-BD59-C3888DEB0F8E}.Debug|x86.Build.0 = Debug|x86
		{219FB311-434C-436A-BD59-C3888DEB0F8E}.Release|x86.ActiveCfg = Release|x86
		{219FB311-434C-436A-BD59-C3888DEB0F8E}.Release|x86.Build.0 = Release|x86
	EndGlobalSection
	GlobalSection(SolutionProperties) = preSolution
		HideSolutionNode = FALSE
	EndGlobalSection
EndGlobal
